
Microsoft Visual Studio Solution File, Format Version 12.00
# Visual Studio 14
VisualStudioVersion = 14.0.25420.1
MinimumVisualStudioVersion = 10.0.40219.1
Project("{FAE04EC0-301F-11D3-BF4B-00C04F79EFBC}") = "BankLanApp.API", "BankLanApp.API\BankLanApp.API.csproj", "{ED87CF3E-ED4D-4A0E-9BE5-7FA084CEB70F}"
EndProject
Project("{FAE04EC0-301F-11D3-BF4B-00C04F79EFBC}") = "BankLanApp.Web", "BankLanApp.Web\BankLanApp.Web.csproj", "{9C09D9C2-7DF8-48B4-B515-5E8D47AABA1D}"
EndProject
Global
	GlobalSection(SolutionConfigurationPlatforms) = preSolution
		Debug|Any CPU = Debug|Any CPU
		Release|Any CPU = Release|Any CPU
	EndGlobalSection
	GlobalSection(ProjectConfigurationPlatforms) = postSolution
		{ED87CF3E-ED4D-4A0E-9BE5-7FA084CEB70F}.Debug|Any CPU.ActiveCfg = Debug|Any CPU
		{ED87CF3E-ED4D-4A0E-9BE5-7FA084CEB70F}.Debug|Any CPU.Build.0 = Debug|Any CPU
		{ED87CF3E-ED4D-4A0E-9BE5-7FA084CEB70F}.Release|Any CPU.ActiveCfg = Release|Any CPU
		{ED87CF3E-ED4D-4A0E-9BE5-7FA084CEB70F}.Release|Any CPU.Build.0 = Release|Any CPU
		{9C09D9C2-7DF8-48B4-B515-5E8D47AABA1D}.Debug|Any CPU.ActiveCfg = Debug|Any CPU
		{9C09D9C2-7DF8-48B4-B515-5E8D47AABA1D}.Debug|Any CPU.Build.0 = Debug|Any CPU
		{9C09D9C2-7DF8-48B4-B515-5E8D47AABA1D}.Release|Any CPU.ActiveCfg = Release|Any CPU
		{9C09D9C2-7DF8-48B4-B515-5E8D47AABA1D}.Release|Any CPU.Build.0 = Release|Any CPU
	EndGlobalSection
	GlobalSection(SolutionProperties) = preSolution
		HideSolutionNode = FALSE
	EndGlobalSection
EndGlobal
